
Microsoft Visual Studio Solution File, Format Version 12.00
# Visual Studio 14
VisualStudioVersion = 14.0.24720.0
MinimumVisualStudioVersion = 10.0.40219.1
Project("{2150E333-8FDC-42A3-9474-1A3956D46DE8}") = "Context A", "Context A", "{09C80068-5A9F-49FC-8DCA-DCA1D18AFAC4}"
EndProject
Project("{2150E333-8FDC-42A3-9474-1A3956D46DE8}") = "Context B", "Context B", "{0F7FA722-B937-468C-A0B0-008735501204}"
EndProject
Project("{FAE04EC0-301F-11D3-BF4B-00C04F79EFBC}") = "ContextA.Core", "ContextA.Core\ContextA.Core.csproj", "{FF594755-6048-464E-9DDD-674E606BC942}"
	ProjectSection(ProjectDependencies) = postProject
		{86F64B6E-4180-41B9-BF78-1145953CF2A9} = {86F64B6E-4180-41B9-BF78-1145953CF2A9}
	EndProjectSection
EndProject
Project("{FAE04EC0-301F-11D3-BF4B-00C04F79EFBC}") = "ContexB.Core", "ContexB.Core\ContexB.Core.csproj", "{8C4C1AD0-0AFF-4B2A-97A6-A957874647D4}"
EndProject
Project("{FAE04EC0-301F-11D3-BF4B-00C04F79EFBC}") = "ContexB.Application", "ContexB.Application\ContexB.Application.csproj", "{86F64B6E-4180-41B9-BF78-1145953CF2A9}"
EndProject
Project("{FAE04EC0-301F-11D3-BF4B-00C04F79EFBC}") = "ContextA.Application", "ContextA.Application\ContextA.Application.csproj", "{4E17D1A4-239E-40AB-A566-61CE6DD97B0F}"
	ProjectSection(ProjectDependencies) = postProject
		{86F64B6E-4180-41B9-BF78-1145953CF2A9} = {86F64B6E-4180-41B9-BF78-1145953CF2A9}
	EndProjectSection
EndProject
Project("{2150E333-8FDC-42A3-9474-1A3956D46DE8}") = "Presentation", "Presentation", "{46039622-C21B-48FE-B34D-F76A4136A02D}"
EndProject
Project("{FAE04EC0-301F-11D3-BF4B-00C04F79EFBC}") = "ContextA.Presentation", "ContextA.Presentation\ContextA.Presentation.csproj", "{C62E48D7-C819-4FFB-B987-EE23AA76B964}"
EndProject
Project("{2150E333-8FDC-42A3-9474-1A3956D46DE8}") = "Util", "Util", "{9B4619D0-D0A6-4D88-9076-9EA1C4D0F699}"
EndProject
Global
	GlobalSection(SolutionConfigurationPlatforms) = preSolution
		Debug|Any CPU = Debug|Any CPU
		Release|Any CPU = Release|Any CPU
	EndGlobalSection
	GlobalSection(ProjectConfigurationPlatforms) = postSolution
		{FF594755-6048-464E-9DDD-674E606BC942}.Debug|Any CPU.ActiveCfg = Debug|Any CPU
		{FF594755-6048-464E-9DDD-674E606BC942}.Debug|Any CPU.Build.0 = Debug|Any CPU
		{FF594755-6048-464E-9DDD-674E606BC942}.Release|Any CPU.ActiveCfg = Release|Any CPU
		{FF594755-6048-464E-9DDD-674E606BC942}.Release|Any CPU.Build.0 = Release|Any CPU
		{8C4C1AD0-0AFF-4B2A-97A6-A957874647D4}.Debug|Any CPU.ActiveCfg = Debug|Any CPU
		{8C4C1AD0-0AFF-4B2A-97A6-A957874647D4}.Debug|Any CPU.Build.0 = Debug|Any CPU
		{8C4C1AD0-0AFF-4B2A-97A6-A957874647D4}.Release|Any CPU.ActiveCfg = Release|Any CPU
		{8C4C1AD0-0AFF-4B2A-97A6-A957874647D4}.Release|Any CPU.Build.0 = Release|Any CPU
		{86F64B6E-4180-41B9-BF78-1145953CF2A9}.Debug|Any CPU.ActiveCfg = Debug|Any CPU
		{86F64B6E-4180-41B9-BF78-1145953CF2A9}.Debug|Any CPU.Build.0 = Debug|Any CPU
		{86F64B6E-4180-41B9-BF78-1145953CF2A9}.Release|Any CPU.ActiveCfg = Release|Any CPU
		{86F64B6E-4180-41B9-BF78-1145953CF2A9}.Release|Any CPU.Build.0 = Release|Any CPU
		{4E17D1A4-239E-40AB-A566-61CE6DD97B0F}.Debug|Any CPU.ActiveCfg = Debug|Any CPU
		{4E17D1A4-239E-40AB-A566-61CE6DD97B0F}.Debug|Any CPU.Build.0 = Debug|Any CPU
		{4E17D1A4-239E-40AB-A566-61CE6DD97B0F}.Release|Any CPU.ActiveCfg = Release|Any CPU
		{4E17D1A4-239E-40AB-A566-61CE6DD97B0F}.Release|Any CPU.Build.0 = Release|Any CPU
		{C62E48D7-C819-4FFB-B987-EE23AA76B964}.Debug|Any CPU.ActiveCfg = Debug|Any CPU
		{C62E48D7-C819-4FFB-B987-EE23AA76B964}.Debug|Any CPU.Build.0 = Debug|Any CPU
		{C62E48D7-C819-4FFB-B987-EE23AA76B964}.Release|Any CPU.ActiveCfg = Release|Any CPU
		{C62E48D7-C819-4FFB-B987-EE23AA76B964}.Release|Any CPU.Build.0 = Release|Any CPU
	EndGlobalSection
	GlobalSection(SolutionProperties) = preSolution
		HideSolutionNode = FALSE
	EndGlobalSection
	GlobalSection(NestedProjects) = preSolution
		{FF594755-6048-464E-9DDD-674E606BC942} = {09C80068-5A9F-49FC-8DCA-DCA1D18AFAC4}
		{8C4C1AD0-0AFF-4B2A-97A6-A957874647D4} = {0F7FA722-B937-468C-A0B0-008735501204}
		{86F64B6E-4180-41B9-BF78-1145953CF2A9} = {0F7FA722-B937-468C-A0B0-008735501204}
		{4E17D1A4-239E-40AB-A566-61CE6DD97B0F} = {09C80068-5A9F-49FC-8DCA-DCA1D18AFAC4}
		{C62E48D7-C819-4FFB-B987-EE23AA76B964} = {46039622-C21B-48FE-B34D-F76A4136A02D}
	EndGlobalSection
EndGlobal
